
Microsoft Visual Studio Solution File, Format Version 12.00
# Visual Studio Version 17
VisualStudioVersion = 17.5.33502.453
MinimumVisualStudioVersion = 10.0.40219.1
Project("{FAE04EC0-301F-11D3-BF4B-00C04F79EFBC}") = "MiniShop", "MiniShop\MiniShop.csproj", "{7131887E-0C80-4A14-AC2E-5D5F45921319}"
EndProject
Global
	GlobalSection(SolutionConfigurationPlatforms) = preSolution
		Debug|Any CPU = Debug|Any CPU
		Release|Any CPU = Release|Any CPU
	EndGlobalSection
	GlobalSection(ProjectConfigurationPlatforms) = postSolution
		{7131887E-0C80-4A14-AC2E-5D5F45921319}.Debug|Any CPU.ActiveCfg = Debug|Any CPU
		{7131887E-0C80-4A14-AC2E-5D5F45921319}.Debug|Any CPU.Build.0 = Debug|Any CPU
		{7131887E-0C80-4A14-AC2E-5D5F45921319}.Release|Any CPU.ActiveCfg = Release|Any CPU
		{7131887E-0C80-4A14-AC2E-5D5F45921319}.Release|Any CPU.Build.0 = Release|Any CPU
	EndGlobalSection
	GlobalSection(SolutionProperties) = preSolution
		HideSolutionNode = FALSE
	EndGlobalSection
	GlobalSection(ExtensibilityGlobals) = postSolution
		SolutionGuid = {E5C1D8C2-92EA-407D-938F-597478D61494}
	EndGlobalSection
EndGlobal
